# The package list the hosted cloud image resolved to (dev/cloud/mkosi.conf),
# installed from the snapshot in debian-snapshot and the pins in third-party.lock.
# Generated from mkosi's JSON manifest by dev/os-lock/oslock; do not edit by hand.
# The build fails when it resolves to a different list (BUILD.md # 1b # The OS
# package lock). One package per line: name version architecture.
adduser 3.152 all
base-files 13.8+deb13u7 amd64
base-passwd 3.6.7 amd64
bash 5.2.37-2+b10 amd64
bsdutils 1:2.41.5-0+deb13u1 amd64
ca-certificates 20250419 all
containerd.io 2.3.6-1~debian.13~trixie amd64
coreutils 9.7-3 amd64
cpio 2.15+dfsg-2 amd64
dash 0.5.12-12 amd64
dbus-bin 1.16.2-2 amd64
dbus-daemon 1.16.2-2 amd64
dbus-session-bus-common 1.16.2-2 all
dbus-system-bus-common 1.16.2-2 all
dbus 1.16.2-2 amd64
debconf 1.5.91 all
debianutils 5.23.2 amd64
diffutils 1:3.10-4 amd64
dmsetup 2:1.02.205-2 amd64
docker-ce-cli 5:29.8.2-1~debian.13~trixie amd64
docker-ce 5:29.8.2-1~debian.13~trixie amd64
docker-compose-plugin 5.6.0-1~debian.13~trixie amd64
dpkg 1.22.22 amd64
dracut-install 106-6 amd64
e2fsprogs 1.47.2-3+b12 amd64
findutils 4.10.0-3 amd64
gawk 1:5.2.1-2+b1 amd64
gcc-14-base 14.2.0-19 amd64
gettext-base 0.23.1-2 amd64
grep 3.11-4 amd64
grub-common 2.12-9+deb13u2 amd64
grub-efi-amd64-bin 2.12-9+deb13u2 amd64
grub-efi-amd64-unsigned 2.12-9+deb13u2 amd64
grub-pc-bin 2.12-9+deb13u2 amd64
gzip 1.13-1+deb13u1 amd64
hostname 3.25 amd64
init-system-helpers 1.69~deb13u1 all
initramfs-tools-bin 0.148.4 amd64
initramfs-tools-core 0.148.4 all
initramfs-tools 0.148.4 all
iproute2 6.15.0-1 amd64
iptables 1.8.11-2 amd64
klibc-utils 2.0.14-1 amd64
kmod 34.2-2 amd64
less 668-1 amd64
libacl1 2.3.2-2+b1 amd64
libapparmor1 4.1.0-1 amd64
libatomic1 14.2.0-19 amd64
libattr1 1:2.5.2-3 amd64
libaudit-common 1:4.0.2-2+deb13u1 all
libaudit1 1:4.0.2-2+deb13u1 amd64
libblkid1 2.41.5-0+deb13u1 amd64
libbpf1 1:1.5.0-3 amd64
libbrotli1 1.1.0-2+b7 amd64
libbsd0 0.12.2-2 amd64
libbz2-1.0 1.0.8-6 amd64
libc-bin 2.41-12+deb13u4 amd64
libc6 2.41-12+deb13u4 amd64
libcap-ng0 0.8.5-4+b1 amd64
libcap2-bin 1:2.75-10+deb13u1+b3 amd64
libcap2 1:2.75-10+deb13u1+b3 amd64
libcbor0.10 0.10.2-2 amd64
libcom-err2 1.47.2-3+b12 amd64
libcrypt1 1:4.4.38-1 amd64
libcurl3t64-gnutls 8.14.1-2+deb13u5 amd64
libdb5.3t64 5.3.28+dfsg2-9 amd64
libdbus-1-3 1.16.2-2 amd64
libdebconfclient0 0.280 amd64
libdevmapper1.02.1 2:1.02.205-2 amd64
libedit2 3.1-20250104-1 amd64
libefiboot1t64 38-3.1+b1 amd64
libefivar1t64 38-3.1+b1 amd64
libelf1t64 0.192-4 amd64
libexpat1 2.8.3-1~deb13u1 amd64
libext2fs2t64 1.47.2-3+b12 amd64
libfdisk1 2.41.5-0+deb13u1 amd64
libffi8 3.4.8-2 amd64
libfido2-1 1.15.0-1+b1 amd64
libfreetype6 2.13.3+dfsg-1+deb13u1 amd64
libfuse3-4 3.17.2-3 amd64
libgcc-s1 14.2.0-19 amd64
libglib2.0-0t64 2.84.4-3~deb13u5 amd64
libgmp10 2:6.3.0+dfsg-3 amd64
libgnutls30t64 3.8.9-3+deb13u4 amd64
libgssapi-krb5-2 1.21.3-5+deb13u1 amd64
libhogweed6t64 3.10.1-1 amd64
libidn2-0 2.3.8-2 amd64
libip4tc2 1.8.11-2 amd64
libip6tc2 1.8.11-2 amd64
libjansson4 2.14-2+b3 amd64
libjson-glib-1.0-0 1.10.6+ds-2 amd64
libjson-glib-1.0-common 1.10.6+ds-2 all
libk5crypto3 1.21.3-5+deb13u1 amd64
libkeyutils1 1.6.3-6 amd64
libklibc 2.0.14-1 amd64
libkmod2 34.2-2 amd64
libkrb5-3 1.21.3-5+deb13u1 amd64
libkrb5support0 1.21.3-5+deb13u1 amd64
liblastlog2-2 2.41.5-0+deb13u1 amd64
libldap2 2.6.10+dfsg-1 amd64
liblzma5 5.8.1-1+deb13u2 amd64
libmd0 1.1.0-2+b1 amd64
libmnl0 1.0.5-3 amd64
libmount1 2.41.5-0+deb13u1 amd64
libmpfr6 4.2.2-1 amd64
libncursesw6 6.5+20250216-2 amd64
libnetfilter-conntrack3 1.1.0-1 amd64
libnettle8t64 3.10.1-1 amd64
libnfnetlink0 1.0.2-3 amd64
libnftables1 1.1.3-1 amd64
libnftnl11 1.2.9-1 amd64
libnghttp2-14 1.64.0-1.1+deb13u1 amd64
libnghttp3-9 1.8.0-1 amd64
libngtcp2-16 1.11.0-1+deb13u1 amd64
libngtcp2-crypto-gnutls8 1.11.0-1+deb13u1 amd64
libnl-3-200 3.7.0-2 amd64
libnl-genl-3-200 3.7.0-2 amd64
libp11-kit0 0.25.5-3 amd64
libpam-modules-bin 1.7.0-5 amd64
libpam-modules 1.7.0-5 amd64
libpam-runtime 1.7.0-5 all
libpam0g 1.7.0-5 amd64
libpcre2-8-0 10.46-1~deb13u3 amd64
libpng16-16t64 1.6.48-1+deb13u6 amd64
libproc2-0 2:4.0.4-9 amd64
libpsl5t64 0.21.2-1.1+b1 amd64
libreadline8t64 8.2-6 amd64
librtmp1 2.4+20151223.gitfa8646d.1-2+b5 amd64
libsasl2-2 2.1.28+dfsg1-9 amd64
libsasl2-modules-db 2.1.28+dfsg1-9 amd64
libseccomp2 2.6.0-2 amd64
libselinux1 3.8.1-1 amd64
libsemanage-common 3.8.1-1 all
libsemanage2 3.8.1-1 amd64
libsepol2 3.8.1-1 amd64
libsigsegv2 2.14-1+b2 amd64
libsmartcols1 2.41.5-0+deb13u1 amd64
libsqlite3-0 3.46.1-7+deb13u2 amd64
libss2 1.47.2-3+b12 amd64
libssh2-1t64 1.11.1-1+deb13u2 amd64
libssl3t64 3.5.7-1~deb13u3 amd64
libsystemd-shared 257.13-1~deb13u1 amd64
libsystemd0 257.13-1~deb13u1 amd64
libtasn1-6 4.20.0-2+deb13u1 amd64
libtext-charwidth-perl 0.04-11+b4 amd64
libtext-wrapi18n-perl 0.06-10 all
libtinfo6 6.5+20250216-2 amd64
libtirpc-common 1.3.6+ds-1 all
libtirpc3t64 1.3.6+ds-1 amd64
libudev1 257.13-1~deb13u1 amd64
libunistring5 1.3-2 amd64
libuuid1 2.41.5-0+deb13u1 amd64
libwrap0 7.6.q-36 amd64
libwtmpdb0 0.73.0-3+deb13u1 amd64
libxtables12 1.8.11-2 amd64
libzstd1 1.5.7+dfsg-1 amd64
linux-base 4.12.1 all
linux-image-6.12.111+deb13-amd64 6.12.111-1 amd64
linux-image-amd64 6.12.111-1 amd64
login.defs 1:4.17.4-2 all
logsave 1.47.2-3+b12 amd64
mawk 1.3.4.20250131-1 amd64
mount 2.41.5-0+deb13u1 amd64
ncurses-base 6.5+20250216-2 all
ncurses-bin 6.5+20250216-2 amd64
netbase 6.5 all
nftables 1.1.3-1 amd64
openssh-client 1:10.0p1-7+deb13u4 amd64
openssh-server 1:10.0p1-7+deb13u4 amd64
openssh-sftp-server 1:10.0p1-7+deb13u4 amd64
openssl-provider-legacy 3.5.7-1~deb13u3 amd64
openssl 3.5.7-1~deb13u3 amd64
passwd 1:4.17.4-2 amd64
perl-base 5.40.1-6+deb13u1 amd64
procps 2:4.0.4-9 amd64
rauc-service 1.13-3+deb13u1 all
rauc 1.13-3+deb13u1 amd64
readline-common 8.2-6 all
runit-helper 2.16.4 all
sed 4.9-2+deb13u1 amd64
sensible-utils 0.0.25 all
sudo 1.9.16p2-3+deb13u2 amd64
systemd-repart 257.13-1~deb13u1 amd64
systemd-sysv 257.13-1~deb13u1 amd64
systemd 257.13-1~deb13u1 amd64
sysvinit-utils 3.14-4 amd64
tar 1.35+dfsg-3.1 amd64
tzdata 2026c-0+deb13u1 all
ucf 3.0052 all
udev 257.13-1~deb13u1 amd64
util-linux 2.41.5-0+deb13u1 amd64
zlib1g 1:1.3.dfsg+really1.3.1-1+b1 amd64
