# Pinned third-party build inputs for the control plane (os #432; BUILD.md # 5c).
#
# Four upstream images the control plane ships, three base images the two moose
# images are built from, and the one Go module compiled into the hosted Caddy.
#
# The bytes of every third-party image the control plane ships are decided here,
# by digest. A tag is not a lookup key: `caddy:2-alpine` is rebuilt upstream
# whenever its base is patched, so two builds of the same moose commit weeks
# apart would otherwise contain different Caddy bytes with nothing recording
# which. This is the same rule the catalog already applies to every app image
# (APP_LIFECYCLE.md # Locked: image digest pinning).
#
# The `name:tag@sha256:...` form keeps the tag readable as a label while the
# digest decides the bytes. Each digest is the multi-arch *index* digest, so the
# pin is arch-independent.
#
# The Makefile is the only reader: it `include`s this file, and passes the two
# acmedns pins to that Dockerfile as build args. Everything else that builds an
# image goes through a make target, dev/cloud/stage-control-plane.sh included.
# Keep every line a plain NAME=value with no spaces around the `=` — that is what
# make's `include` accepts, and it also keeps the file `source`-able if a script
# ever needs to read a pin without going through make.
# internal/hostagent/controlplane/imagepins_test.go guards that form.
#
# How to bump a pin (BUILD.md # 5c):
#   docker buildx imagetools inspect <name:tag> | awk '/^Digest:/{print $2; exit}'
# then paste the digest here, in its own commit, saying why. The case that
# matters is an upstream Caddy security release: bump CADDY_IMAGE and both
# CADDY_ACMEDNS_* pins together, since they are the same upstream project.

# Stock Caddy — the reverse proxy the appliance profile runs (the hosted profile
# swaps in the acmedns build below).
CADDY_IMAGE=caddy:2-alpine@sha256:5f5c8640aae01df9654968d946d8f1a56c497f1dd5c5cda4cf95ab7c14d58648

# The container that fronts the raw Docker socket for the brain (CONTROL_PLANE.md # Docker socket exposure).
PROXY_IMAGE=tecnativa/docker-socket-proxy:v0.4.2@sha256:1f3a6f303320723d199d2316a3e82b2e2685d86c275d5e3deeaf182573b47476

# The two halves of the hosted Caddy build (dev/control-plane/caddy-acmedns/).
# Held at 2.10.0 on purpose — see that Dockerfile's header for the Go-toolchain reason.
CADDY_ACMEDNS_BUILDER_IMAGE=caddy:2.10.0-builder@sha256:fe8d0d6cdbfd382197c4d715ffd5b41210165e2f64a81ce546ae63eeef35873a
CADDY_ACMEDNS_BASE_IMAGE=caddy:2.10.0-alpine@sha256:ae4458638da8e1a91aafffb231c5f8778e964bca650c8a8cb23a7e8ac557aa3c

# ---- Bases the two moose control-plane images are built from ----------------
# Pinning these fixes the base bytes, not the build: cmd/brain/Dockerfile still
# apt-gets docker-ce-cli from a live index, so the image is pinned, not
# reproducible. web-ui's npm ci is locked by package-lock.json.
BRAIN_BUILDER_IMAGE=golang:1.25-bookworm@sha256:3b4a11519ad929d1e1d261a12cff056f0c85b735253d7d861346b9c6f8b36437
BRAIN_RUNTIME_IMAGE=debian:trixie-slim@sha256:d7e12182ce18b85b93007c1dedf31f2d29e01ccf3182cc4017c709b6259bc132
UI_BUILDER_IMAGE=node:20-alpine@sha256:fb4cd12c85ee03686f6af5362a0b0d56d50c58a04632e6c0fb8363f609372293
# moose-ui's runtime base is CADDY_IMAGE above — the same pin, not a second copy,
# so the UI and the proxy always run the same Caddy bytes.

# ---- The one module compiled into the hosted Caddy --------------------------
# Not an image: xcaddy fetches this at build time, and without a version it takes
# whatever is latest that day. The version here is the one the shipped binary
# already reports (`caddy build-info`). Bump it the same way as an image pin.
CADDY_ACMEDNS_MODULE=github.com/caddy-dns/acmedns@v0.7.0
